<Solution>
  <Project Path="Behemoth.AppHost/Behemoth.AppHost.csproj" />
  <Project Path="Behemoth.Contracts\Behemoth.Contracts.csproj" Type="Classic C#" />
  <Project Path="Behemoth.Domain\Behemoth.Domain.csproj" Type="Classic C#" />
  <Project Path="Behemoth.Functions\Behemoth.Functions.csproj" />
  <Project Path="Behemoth.Infrastructure\Behemoth.Infrastructure.csproj" Type="Classic C#" />
  <Project Path="Behemoth.ServiceDefaults/Behemoth.ServiceDefaults.csproj" />
  <Project Path="Behemoth.Web\Behemoth.Web.csproj" Type="Classic C#" />
</Solution>